
Microsoft Visual Studio Solution File, Format Version 12.00
# Visual Studio Version 16
VisualStudioVersion = 16.0.30523.141
MinimumVisualStudioVersion = 10.0.40219.1
Project("{9A19103F-16F7-4668-BE54-9A1E7A4F7556}") = "Ladeskab", "Ladeskab\Ladeskab.csproj", "{3D455B28-DB07-4FF4-B653-C5CBD12A05D2}"
EndProject
Project("{FAE04EC0-301F-11D3-BF4B-00C04F79EFBC}") = "LadeskabConsoleApp", "LadeskabConsoleApp\LadeskabConsoleApp.csproj", "{6AE27C53-1295-4761-B736-65154D502692}"
EndProject
Project("{FAE04EC0-301F-11D3-BF4B-00C04F79EFBC}") = "LadeskabTest", "LadeskabTest\LadeskabTest.csproj", "{EB837C58-9150-4057-B667-CC3913363567}"
EndProject
Global
	GlobalSection(SolutionConfigurationPlatforms) = preSolution
		Debug|Any CPU = Debug|Any CPU
		Release|Any CPU = Release|Any CPU
	EndGlobalSection
	GlobalSection(ProjectConfigurationPlatforms) = postSolution
		{3D455B28-DB07-4FF4-B653-C5CBD12A05D2}.Debug|Any CPU.ActiveCfg = Debug|Any CPU
		{3D455B28-DB07-4FF4-B653-C5CBD12A05D2}.Debug|Any CPU.Build.0 = Debug|Any CPU
		{3D455B28-DB07-4FF4-B653-C5CBD12A05D2}.Release|Any CPU.ActiveCfg = Release|Any CPU
		{3D455B28-DB07-4FF4-B653-C5CBD12A05D2}.Release|Any CPU.Build.0 = Release|Any CPU
		{6AE27C53-1295-4761-B736-65154D502692}.Debug|Any CPU.ActiveCfg = Debug|Any CPU
		{6AE27C53-1295-4761-B736-65154D502692}.Debug|Any CPU.Build.0 = Debug|Any CPU
		{6AE27C53-1295-4761-B736-65154D502692}.Release|Any CPU.ActiveCfg = Release|Any CPU
		{6AE27C53-1295-4761-B736-65154D502692}.Release|Any CPU.Build.0 = Release|Any CPU
		{EB837C58-9150-4057-B667-CC3913363567}.Debug|Any CPU.ActiveCfg = Debug|Any CPU
		{EB837C58-9150-4057-B667-CC3913363567}.Debug|Any CPU.Build.0 = Debug|Any CPU
		{EB837C58-9150-4057-B667-CC3913363567}.Release|Any CPU.ActiveCfg = Release|Any CPU
		{EB837C58-9150-4057-B667-CC3913363567}.Release|Any CPU.Build.0 = Release|Any CPU
	EndGlobalSection
	GlobalSection(SolutionProperties) = preSolution
		HideSolutionNode = FALSE
	EndGlobalSection
	GlobalSection(ExtensibilityGlobals) = postSolution
		SolutionGuid = {69446CCC-6C7A-49F5-9A1D-86CA33DE2425}
	EndGlobalSection
EndGlobal
